<?xml version="1.0" encoding="UTF-8" standalone="yes" ?>
<CodeBlocks_project_file>
	<FileVersion major="1" minor="6" />
	<Project>
		<Option title="Return of Achimel" />
		<Option pch_mode="2" />
		<Option compiler="gcc" />
		<Build>
			<Target title="Debug">
				<Option output="bin/Debug/Return of Achimel" prefix_auto="1" extension_auto="1" />
				<Option object_output="obj/Debug/" />
				<Option type="1" />
				<Option compiler="gcc" />
				<Compiler>
					<Add option="-g" />
					<Add directory="Josh" />
				</Compiler>
			</Target>
			<Target title="Release">
				<Option output="bin/Release/Return of Achimel" prefix_auto="1" extension_auto="1" />
				<Option object_output="obj/Release/" />
				<Option type="1" />
				<Option compiler="gcc" />
				<Compiler>
					<Add option="-O2" />
					<Add directory="Josh" />
				</Compiler>
				<Linker>
					<Add option="-s" />
				</Linker>
			</Target>
		</Build>
		<Compiler>
			<Add option="-Wall" />
			<Add option="-fexceptions" />
		</Compiler>
		<Unit filename="Biome_Class/Biome_Class.cpp" />
		<Unit filename="Biome_Class/Biome_Class.h" />
		<Unit filename="Food/Food.cpp" />
		<Unit filename="Food/Food.h" />
		<Unit filename="Josh/entityMapGen.h" />
		<Unit filename="Josh/mapSizes.h" />
		<Unit filename="Stamina/Stamina.cpp" />
		<Unit filename="Stamina/Stamina.h" />
		<Unit filename="cave/cave.cpp" />
		<Unit filename="cave/cave.h" />
		<Unit filename="cave_Class/cave_Class.cpp" />
		<Unit filename="cave_Class/cave_class.h" />
		<Unit filename="charOutput/charOutput.cpp" />
		<Unit filename="charOutput/charOutput.h" />
		<Unit filename="clearGaps/clearGaps.cpp" />
		<Unit filename="clearGaps/clearGaps.h" />
		<Unit filename="cursorSet/cursorSet.cpp" />
		<Unit filename="cursorSet/cursorSet.h" />
		<Unit filename="displayMap/displayMap.cpp" />
		<Unit filename="displayMap/displayMap.h" />
		<Unit filename="entityCheck/entityCheck.cpp" />
		<Unit filename="entityCheck/entityCheck.h" />
		<Unit filename="getTreasure/getTreasure.cpp" />
		<Unit filename="getTreasure/getTreasure.h" />
		<Unit filename="main.cpp" />
		<Unit filename="moveOptions/moveOptions.cpp" />
		<Unit filename="moveOptions/moveOptions.h" />
		<Unit filename="moving/moving.cpp" />
		<Unit filename="moving/moving.h" />
		<Unit filename="optionSelector/optionSelector.cpp" />
		<Unit filename="optionSelector/optionSelector.h" />
		<Unit filename="playerView/playerView.cpp" />
		<Unit filename="playerView/playerView.h" />
		<Unit filename="startMap/startMap.cpp" />
		<Unit filename="startMap/startMap.h" />
		<Unit filename="title/title.cpp" />
		<Unit filename="title/title.h" />
		<Unit filename="village/village.cpp" />
		<Unit filename="village/village.h" />
		<Extensions>
			<code_completion />
			<envvars />
			<debugger />
		</Extensions>
	</Project>
</CodeBlocks_project_file>
