<?xml version="1.0" encoding="UTF-8" standalone="yes" ?>
<CodeBlocks_project_file>
	<FileVersion major="1" minor="6" />
	<Project>
		<Option title="Return of Achimel" />
		<Option pch_mode="2" />
		<Option compiler="gcc" />
		<Build>
			<Target title="Debug">
				<Option output="bin/Debug/Return of Achimel" prefix_auto="1" extension_auto="1" />
				<Option object_output="obj/Debug/" />
				<Option type="1" />
				<Option compiler="gcc" />
				<Compiler>
					<Add option="-g" />
				</Compiler>
			</Target>
			<Target title="Release">
				<Option output="bin/Release/Return of Achimel" prefix_auto="1" extension_auto="1" />
				<Option object_output="obj/Release/" />
				<Option type="1" />
				<Option compiler="gcc" />
				<Compiler>
					<Add option="-O2" />
				</Compiler>
				<Linker>
					<Add option="-s" />
				</Linker>
			</Target>
		</Build>
		<Compiler>
			<Add option="-Wall" />
			<Add option="-fexceptions" />
		</Compiler>
		<Unit filename="Josh/Biome_Class.h">
			<Option target="&lt;{~None~}&gt;" />
		</Unit>
		<Unit filename="Josh/Biome_Constructors.h">
			<Option target="&lt;{~None~}&gt;" />
		</Unit>
		<Unit filename="Josh/Globals.h">
			<Option target="&lt;{~None~}&gt;" />
		</Unit>
		<Unit filename="Josh/Prototypes.h">
			<Option target="&lt;{~None~}&gt;" />
		</Unit>
		<Unit filename="Josh/cave.h">
			<Option target="&lt;{~None~}&gt;" />
		</Unit>
		<Unit filename="Josh/cave_class.h">
			<Option target="&lt;{~None~}&gt;" />
		</Unit>
		<Unit filename="Josh/cave_constructors.h">
			<Option target="&lt;{~None~}&gt;" />
		</Unit>
		<Unit filename="Josh/displayMap.h">
			<Option target="&lt;{~None~}&gt;" />
		</Unit>
		<Unit filename="Josh/map.h">
			<Option target="&lt;{~None~}&gt;" />
		</Unit>
		<Unit filename="Josh/moveOptions.h">
			<Option target="&lt;{~None~}&gt;" />
		</Unit>
		<Unit filename="Josh/moving.h">
			<Option target="&lt;{~None~}&gt;" />
		</Unit>
		<Unit filename="Josh/playerView.h">
			<Option target="&lt;{~None~}&gt;" />
		</Unit>
		<Unit filename="main.cpp" />
		<Extensions>
			<code_completion />
			<envvars />
			<debugger />
		</Extensions>
	</Project>
</CodeBlocks_project_file>
